
Microsoft Visual Studio Solution File, Format Version 12.00
# Visual Studio 15
VisualStudioVersion = 15.0.28307.1000
MinimumVisualStudioVersion = 10.0.40219.1
Project("{FAE04EC0-301F-11D3-BF4B-00C04F79EFBC}") = "FineWine", "FineWine\FineWine.csproj", "{5934B43D-55F6-4E92-BD0C-28B526CBD300}"
EndProject
Global
	GlobalSection(SolutionConfigurationPlatforms) = preSolution
		Debug|Any CPU = Debug|Any CPU
		Release|Any CPU = Release|Any CPU
	EndGlobalSection
	GlobalSection(ProjectConfigurationPlatforms) = postSolution
		{5934B43D-55F6-4E92-BD0C-28B526CBD300}.Debug|Any CPU.ActiveCfg = Debug|Any CPU
		{5934B43D-55F6-4E92-BD0C-28B526CBD300}.Debug|Any CPU.Build.0 = Debug|Any CPU
		{5934B43D-55F6-4E92-BD0C-28B526CBD300}.Release|Any CPU.ActiveCfg = Release|Any CPU
		{5934B43D-55F6-4E92-BD0C-28B526CBD300}.Release|Any CPU.Build.0 = Release|Any CPU
	EndGlobalSection
	GlobalSection(SolutionProperties) = preSolution
		HideSolutionNode = FALSE
	EndGlobalSection
	GlobalSection(ExtensibilityGlobals) = postSolution
		SolutionGuid = {8CB86790-3DCA-4BAC-A837-BDDF5A557B25}
	EndGlobalSection
EndGlobal
